
Microsoft Visual Studio Solution File, Format Version 12.00
# Visual Studio 15
VisualStudioVersion = 15.0.27428.2037
MinimumVisualStudioVersion = 10.0.40219.1
Project("{9A19103F-16F7-4668-BE54-9A1E7A4F7556}") = "Study.Algo", "Study.Sorting\Study.Algo.csproj", "{CA51A6B2-A7CE-41AC-A9E6-BBB2431B95CB}"
EndProject
Project("{9A19103F-16F7-4668-BE54-9A1E7A4F7556}") = "Study.Algo.Tests", "Study.Sorting.Tests\Study.Algo.Tests.csproj", "{9D9F2161-DB2A-496B-8113-783B5CCFEBDE}"
EndProject
Project("{9A19103F-16F7-4668-BE54-9A1E7A4F7556}") = "Study.Websocket.Server", "Study.Websocket.Server\Study.Websocket.Server.csproj", "{B500CF19-B800-49D4-A86A-E4059CEC954F}"
EndProject
Project("{9A19103F-16F7-4668-BE54-9A1E7A4F7556}") = "Study.Websocket.Client", "Study.Websocket.Client\Study.Websocket.Client.csproj", "{40FA77C3-6BE6-455F-864D-B0795F4E7F0C}"
EndProject
Project("{9A19103F-16F7-4668-BE54-9A1E7A4F7556}") = "Study.Websocket.Common", "Study.Websocket.Common\Study.Websocket.Common.csproj", "{3E9C2024-09C3-4496-8EAE-A2AB726D0622}"
EndProject
Project("{9A19103F-16F7-4668-BE54-9A1E7A4F7556}") = "Study.EventSourcing", "Study.EventSourcing\Study.EventSourcing.csproj", "{803F1721-3D2D-4180-A6AB-51A8B7E3684E}"
EndProject
Project("{9A19103F-16F7-4668-BE54-9A1E7A4F7556}") = "Study.Auth0.Server", "Study.Auth0\Study.Auth0.Server.csproj", "{70D7CFB3-7688-4066-B7E3-D1CE5C8F6DE5}"
EndProject
Project("{9A19103F-16F7-4668-BE54-9A1E7A4F7556}") = "Study.Auth0.Client", "Study.Auth0.Client\Study.Auth0.Client.csproj", "{6A690269-D9C6-4A6B-99A4-683BB97A2B8A}"
EndProject
Project("{9A19103F-16F7-4668-BE54-9A1E7A4F7556}") = "Study.AkkaNet.Interview.Web", "Study.AkkaNet.Interview.Web\Study.AkkaNet.Interview.Web.csproj", "{8EBA12FB-0194-4862-9655-637E4EDB0BB2}"
EndProject
Project("{FAE04EC0-301F-11D3-BF4B-00C04F79EFBC}") = "Study.AkkaNet.Interview.Web.Tests", "Study.AkkaNet.Interview.Web.Tests\Study.AkkaNet.Interview.Web.Tests.csproj", "{BC45510A-46A6-4517-9FA8-33A174B33EC4}"
EndProject
Global
	GlobalSection(SolutionConfigurationPlatforms) = preSolution
		Debug|Any CPU = Debug|Any CPU
		Release|Any CPU = Release|Any CPU
	EndGlobalSection
	GlobalSection(ProjectConfigurationPlatforms) = postSolution
		{CA51A6B2-A7CE-41AC-A9E6-BBB2431B95CB}.Debug|Any CPU.ActiveCfg = Debug|Any CPU
		{CA51A6B2-A7CE-41AC-A9E6-BBB2431B95CB}.Debug|Any CPU.Build.0 = Debug|Any CPU
		{CA51A6B2-A7CE-41AC-A9E6-BBB2431B95CB}.Release|Any CPU.ActiveCfg = Release|Any CPU
		{CA51A6B2-A7CE-41AC-A9E6-BBB2431B95CB}.Release|Any CPU.Build.0 = Release|Any CPU
		{9D9F2161-DB2A-496B-8113-783B5CCFEBDE}.Debug|Any CPU.ActiveCfg = Debug|Any CPU
		{9D9F2161-DB2A-496B-8113-783B5CCFEBDE}.Debug|Any CPU.Build.0 = Debug|Any CPU
		{9D9F2161-DB2A-496B-8113-783B5CCFEBDE}.Release|Any CPU.ActiveCfg = Release|Any CPU
		{9D9F2161-DB2A-496B-8113-783B5CCFEBDE}.Release|Any CPU.Build.0 = Release|Any CPU
		{B500CF19-B800-49D4-A86A-E4059CEC954F}.Debug|Any CPU.ActiveCfg = Debug|Any CPU
		{B500CF19-B800-49D4-A86A-E4059CEC954F}.Debug|Any CPU.Build.0 = Debug|Any CPU
		{B500CF19-B800-49D4-A86A-E4059CEC954F}.Release|Any CPU.ActiveCfg = Release|Any CPU
		{B500CF19-B800-49D4-A86A-E4059CEC954F}.Release|Any CPU.Build.0 = Release|Any CPU
		{40FA77C3-6BE6-455F-864D-B0795F4E7F0C}.Debug|Any CPU.ActiveCfg = Debug|Any CPU
		{40FA77C3-6BE6-455F-864D-B0795F4E7F0C}.Debug|Any CPU.Build.0 = Debug|Any CPU
		{40FA77C3-6BE6-455F-864D-B0795F4E7F0C}.Release|Any CPU.ActiveCfg = Release|Any CPU
		{40FA77C3-6BE6-455F-864D-B0795F4E7F0C}.Release|Any CPU.Build.0 = Release|Any CPU
		{3E9C2024-09C3-4496-8EAE-A2AB726D0622}.Debug|Any CPU.ActiveCfg = Debug|Any CPU
		{3E9C2024-09C3-4496-8EAE-A2AB726D0622}.Debug|Any CPU.Build.0 = Debug|Any CPU
		{3E9C2024-09C3-4496-8EAE-A2AB726D0622}.Release|Any CPU.ActiveCfg = Release|Any CPU
		{3E9C2024-09C3-4496-8EAE-A2AB726D0622}.Release|Any CPU.Build.0 = Release|Any CPU
		{803F1721-3D2D-4180-A6AB-51A8B7E3684E}.Debug|Any CPU.ActiveCfg = Debug|Any CPU
		{803F1721-3D2D-4180-A6AB-51A8B7E3684E}.Debug|Any CPU.Build.0 = Debug|Any CPU
		{803F1721-3D2D-4180-A6AB-51A8B7E3684E}.Release|Any CPU.ActiveCfg = Release|Any CPU
		{803F1721-3D2D-4180-A6AB-51A8B7E3684E}.Release|Any CPU.Build.0 = Release|Any CPU
		{70D7CFB3-7688-4066-B7E3-D1CE5C8F6DE5}.Debug|Any CPU.ActiveCfg = Debug|Any CPU
		{70D7CFB3-7688-4066-B7E3-D1CE5C8F6DE5}.Debug|Any CPU.Build.0 = Debug|Any CPU
		{70D7CFB3-7688-4066-B7E3-D1CE5C8F6DE5}.Release|Any CPU.ActiveCfg = Release|Any CPU
		{70D7CFB3-7688-4066-B7E3-D1CE5C8F6DE5}.Release|Any CPU.Build.0 = Release|Any CPU
		{6A690269-D9C6-4A6B-99A4-683BB97A2B8A}.Debug|Any CPU.ActiveCfg = Debug|Any CPU
		{6A690269-D9C6-4A6B-99A4-683BB97A2B8A}.Debug|Any CPU.Build.0 = Debug|Any CPU
		{6A690269-D9C6-4A6B-99A4-683BB97A2B8A}.Release|Any CPU.ActiveCfg = Release|Any CPU
		{6A690269-D9C6-4A6B-99A4-683BB97A2B8A}.Release|Any CPU.Build.0 = Release|Any CPU
		{8EBA12FB-0194-4862-9655-637E4EDB0BB2}.Debug|Any CPU.ActiveCfg = Debug|Any CPU
		{8EBA12FB-0194-4862-9655-637E4EDB0BB2}.Debug|Any CPU.Build.0 = Debug|Any CPU
		{8EBA12FB-0194-4862-9655-637E4EDB0BB2}.Release|Any CPU.ActiveCfg = Release|Any CPU
		{8EBA12FB-0194-4862-9655-637E4EDB0BB2}.Release|Any CPU.Build.0 = Release|Any CPU
		{BC45510A-46A6-4517-9FA8-33A174B33EC4}.Debug|Any CPU.ActiveCfg = Debug|Any CPU
		{BC45510A-46A6-4517-9FA8-33A174B33EC4}.Debug|Any CPU.Build.0 = Debug|Any CPU
		{BC45510A-46A6-4517-9FA8-33A174B33EC4}.Release|Any CPU.ActiveCfg = Release|Any CPU
		{BC45510A-46A6-4517-9FA8-33A174B33EC4}.Release|Any CPU.Build.0 = Release|Any CPU
	EndGlobalSection
	GlobalSection(SolutionProperties) = preSolution
		HideSolutionNode = FALSE
	EndGlobalSection
	GlobalSection(ExtensibilityGlobals) = postSolution
		SolutionGuid = {EB160E5F-E879-4B01-9117-A8D5818CC9C3}
	EndGlobalSection
EndGlobal
